
Microsoft Visual Studio Solution File, Format Version 12.00
# Visual Studio Version 17
VisualStudioVersion = 17.2.32630.192
MinimumVisualStudioVersion = 10.0.40219.1
Project("{FAE04EC0-301F-11D3-BF4B-00C04F79EFBC}") = "Assignment3_1", "Assignment3_1\Assignment3_1.csproj", "{78FE6F94-0278-4320-8FCB-E0DA21CD6DC7}"
EndProject
Project("{FAE04EC0-301F-11D3-BF4B-00C04F79EFBC}") = "Employee_Management", "Employee_Management\Employee_Management.csproj", "{D0E27A9C-CD26-4581-AEE1-941D2126B68E}"
EndProject
Global
	GlobalSection(SolutionConfigurationPlatforms) = preSolution
		Debug|Any CPU = Debug|Any CPU
		Release|Any CPU = Release|Any CPU
	EndGlobalSection
	GlobalSection(ProjectConfigurationPlatforms) = postSolution
		{78FE6F94-0278-4320-8FCB-E0DA21CD6DC7}.Debug|Any CPU.ActiveCfg = Debug|Any CPU
		{78FE6F94-0278-4320-8FCB-E0DA21CD6DC7}.Debug|Any CPU.Build.0 = Debug|Any CPU
		{78FE6F94-0278-4320-8FCB-E0DA21CD6DC7}.Release|Any CPU.ActiveCfg = Release|Any CPU
		{78FE6F94-0278-4320-8FCB-E0DA21CD6DC7}.Release|Any CPU.Build.0 = Release|Any CPU
		{D0E27A9C-CD26-4581-AEE1-941D2126B68E}.Debug|Any CPU.ActiveCfg = Debug|Any CPU
		{D0E27A9C-CD26-4581-AEE1-941D2126B68E}.Debug|Any CPU.Build.0 = Debug|Any CPU
		{D0E27A9C-CD26-4581-AEE1-941D2126B68E}.Release|Any CPU.ActiveCfg = Release|Any CPU
		{D0E27A9C-CD26-4581-AEE1-941D2126B68E}.Release|Any CPU.Build.0 = Release|Any CPU
	EndGlobalSection
	GlobalSection(SolutionProperties) = preSolution
		HideSolutionNode = FALSE
	EndGlobalSection
	GlobalSection(ExtensibilityGlobals) = postSolution
		SolutionGuid = {13D80CFC-D8B0-4513-9AFC-54C351C45FD1}
	EndGlobalSection
EndGlobal
