
Microsoft Visual Studio Solution File, Format Version 12.00
# Visual Studio Version 17
VisualStudioVersion = 17.2.32630.192
MinimumVisualStudioVersion = 10.0.40219.1
Project("{FAE04EC0-301F-11D3-BF4B-00C04F79EFBC}") = "Assignment5_4", "Assignment5_4\Assignment5_4.csproj", "{AEEFA698-92FC-4C97-9140-201E97BFCF41}"
EndProject
Global
	GlobalSection(SolutionConfigurationPlatforms) = preSolution
		Debug|Any CPU = Debug|Any CPU
		Release|Any CPU = Release|Any CPU
	EndGlobalSection
	GlobalSection(ProjectConfigurationPlatforms) = postSolution
		{AEEFA698-92FC-4C97-9140-201E97BFCF41}.Debug|Any CPU.ActiveCfg = Debug|Any CPU
		{AEEFA698-92FC-4C97-9140-201E97BFCF41}.Debug|Any CPU.Build.0 = Debug|Any CPU
		{AEEFA698-92FC-4C97-9140-201E97BFCF41}.Release|Any CPU.ActiveCfg = Release|Any CPU
		{AEEFA698-92FC-4C97-9140-201E97BFCF41}.Release|Any CPU.Build.0 = Release|Any CPU
	EndGlobalSection
	GlobalSection(SolutionProperties) = preSolution
		HideSolutionNode = FALSE
	EndGlobalSection
	GlobalSection(ExtensibilityGlobals) = postSolution
		SolutionGuid = {EA8C04E5-9E6D-48EA-BAE1-4F7EBC28FBCF}
	EndGlobalSection
EndGlobal
