
Microsoft Visual Studio Solution File, Format Version 12.00
# Visual Studio Version 17
VisualStudioVersion = 17.2.32630.192
MinimumVisualStudioVersion = 10.0.40219.1
Project("{FAE04EC0-301F-11D3-BF4B-00C04F79EFBC}") = "Assignment7_1", "Assignment7_1\Assignment7_1.csproj", "{9F330A2F-0F1D-4DC8-A15D-17DC54026702}"
EndProject
Global
	GlobalSection(SolutionConfigurationPlatforms) = preSolution
		Debug|Any CPU = Debug|Any CPU
		Release|Any CPU = Release|Any CPU
	EndGlobalSection
	GlobalSection(ProjectConfigurationPlatforms) = postSolution
		{9F330A2F-0F1D-4DC8-A15D-17DC54026702}.Debug|Any CPU.ActiveCfg = Debug|Any CPU
		{9F330A2F-0F1D-4DC8-A15D-17DC54026702}.Debug|Any CPU.Build.0 = Debug|Any CPU
		{9F330A2F-0F1D-4DC8-A15D-17DC54026702}.Release|Any CPU.ActiveCfg = Release|Any CPU
		{9F330A2F-0F1D-4DC8-A15D-17DC54026702}.Release|Any CPU.Build.0 = Release|Any CPU
	EndGlobalSection
	GlobalSection(SolutionProperties) = preSolution
		HideSolutionNode = FALSE
	EndGlobalSection
	GlobalSection(ExtensibilityGlobals) = postSolution
		SolutionGuid = {62B2BC76-DD4B-45DB-A3EF-F1AF2E8E76A0}
	EndGlobalSection
EndGlobal
