
Microsoft Visual Studio Solution File, Format Version 12.00
# Visual Studio Version 17
VisualStudioVersion = 17.2.32630.192
MinimumVisualStudioVersion = 10.0.40219.1
Project("{FAE04EC0-301F-11D3-BF4B-00C04F79EFBC}") = "Assignment1_1", "Assignment1_1\Assignment1_1.csproj", "{67AB6AA0-4C9A-42E0-AD75-68DDB88B183F}"
EndProject
Global
	GlobalSection(SolutionConfigurationPlatforms) = preSolution
		Debug|Any CPU = Debug|Any CPU
		Release|Any CPU = Release|Any CPU
	EndGlobalSection
	GlobalSection(ProjectConfigurationPlatforms) = postSolution
		{67AB6AA0-4C9A-42E0-AD75-68DDB88B183F}.Debug|Any CPU.ActiveCfg = Debug|Any CPU
		{67AB6AA0-4C9A-42E0-AD75-68DDB88B183F}.Debug|Any CPU.Build.0 = Debug|Any CPU
		{67AB6AA0-4C9A-42E0-AD75-68DDB88B183F}.Release|Any CPU.ActiveCfg = Release|Any CPU
		{67AB6AA0-4C9A-42E0-AD75-68DDB88B183F}.Release|Any CPU.Build.0 = Release|Any CPU
	EndGlobalSection
	GlobalSection(SolutionProperties) = preSolution
		HideSolutionNode = FALSE
	EndGlobalSection
	GlobalSection(ExtensibilityGlobals) = postSolution
		SolutionGuid = {FED4FF54-F529-4262-AD85-82A081910D9C}
	EndGlobalSection
EndGlobal
